
Microsoft Visual Studio Solution File, Format Version 12.00
# Visual Studio Version 17
VisualStudioVersion = 17.2.32630.192
MinimumVisualStudioVersion = 10.0.40219.1
Project("{F184B08F-C81C-45F6-A57F-5ABD9991F28F}") = "Banco BDD - Laboratorio", "Bando BDD - Laboratorio\Banco BDD - Laboratorio.vbproj", "{AC54E0E0-26A9-48CE-8B77-D5F598B46495}"
EndProject
Global
	GlobalSection(SolutionConfigurationPlatforms) = preSolution
		Debug|Any CPU = Debug|Any CPU
		Release|Any CPU = Release|Any CPU
	EndGlobalSection
	GlobalSection(ProjectConfigurationPlatforms) = postSolution
		{AC54E0E0-26A9-48CE-8B77-D5F598B46495}.Debug|Any CPU.ActiveCfg = Debug|Any CPU
		{AC54E0E0-26A9-48CE-8B77-D5F598B46495}.Debug|Any CPU.Build.0 = Debug|Any CPU
		{AC54E0E0-26A9-48CE-8B77-D5F598B46495}.Release|Any CPU.ActiveCfg = Release|Any CPU
		{AC54E0E0-26A9-48CE-8B77-D5F598B46495}.Release|Any CPU.Build.0 = Release|Any CPU
	EndGlobalSection
	GlobalSection(SolutionProperties) = preSolution
		HideSolutionNode = FALSE
	EndGlobalSection
	GlobalSection(ExtensibilityGlobals) = postSolution
		SolutionGuid = {9D1A50A8-36E1-4CE4-A9A1-C30ECD0B2470}
	EndGlobalSection
EndGlobal
